
Microsoft Visual Studio Solution File, Format Version 12.00
# Visual Studio Version 17
VisualStudioVersion = 17.8.34525.116
MinimumVisualStudioVersion = 10.0.40219.1
Project("{FAE04EC0-301F-11D3-BF4B-00C04F79EFBC}") = "Webshop", "Webshop.csproj", "{490CDDC2-29C5-422F-804D-1C9281771098}"
EndProject
Global
	GlobalSection(SolutionConfigurationPlatforms) = preSolution
		Debug|Any CPU = Debug|Any CPU
		Release|Any CPU = Release|Any CPU
	EndGlobalSection
	GlobalSection(ProjectConfigurationPlatforms) = postSolution
		{490CDDC2-29C5-422F-804D-1C9281771098}.Debug|Any CPU.ActiveCfg = Debug|Any CPU
		{490CDDC2-29C5-422F-804D-1C9281771098}.Debug|Any CPU.Build.0 = Debug|Any CPU
		{490CDDC2-29C5-422F-804D-1C9281771098}.Release|Any CPU.ActiveCfg = Release|Any CPU
		{490CDDC2-29C5-422F-804D-1C9281771098}.Release|Any CPU.Build.0 = Release|Any CPU
	EndGlobalSection
	GlobalSection(SolutionProperties) = preSolution
		HideSolutionNode = FALSE
	EndGlobalSection
	GlobalSection(ExtensibilityGlobals) = postSolution
		SolutionGuid = {0E8C59C6-8436-44F6-9A5C-1AA150F2D864}
	EndGlobalSection
EndGlobal
